
Microsoft Visual Studio Solution File, Format Version 12.00
# Visual Studio Version 16
VisualStudioVersion = 16.0.31829.152
MinimumVisualStudioVersion = 10.0.40219.1
Project("{FAE04EC0-301F-11D3-BF4B-00C04F79EFBC}") = "211223_AIIT_Test", "211223_AIIT_Test.csproj", "{5E02176D-3CE7-42E2-A8C7-1C38BFB5F515}"
EndProject
Global
	GlobalSection(SolutionConfigurationPlatforms) = preSolution
		Debug|Any CPU = Debug|Any CPU
		Release|Any CPU = Release|Any CPU
	EndGlobalSection
	GlobalSection(ProjectConfigurationPlatforms) = postSolution
		{5E02176D-3CE7-42E2-A8C7-1C38BFB5F515}.Debug|Any CPU.ActiveCfg = Debug|Any CPU
		{5E02176D-3CE7-42E2-A8C7-1C38BFB5F515}.Debug|Any CPU.Build.0 = Debug|Any CPU
		{5E02176D-3CE7-42E2-A8C7-1C38BFB5F515}.Release|Any CPU.ActiveCfg = Release|Any CPU
		{5E02176D-3CE7-42E2-A8C7-1C38BFB5F515}.Release|Any CPU.Build.0 = Release|Any CPU
	EndGlobalSection
	GlobalSection(SolutionProperties) = preSolution
		HideSolutionNode = FALSE
	EndGlobalSection
	GlobalSection(ExtensibilityGlobals) = postSolution
		SolutionGuid = {9F4B82DF-EADB-4837-AF73-F33E7C540386}
	EndGlobalSection
EndGlobal
