
Microsoft Visual Studio Solution File, Format Version 12.00
# Visual Studio Version 16
VisualStudioVersion = 16.0.31624.102
MinimumVisualStudioVersion = 10.0.40219.1
Project("{FAE04EC0-301F-11D3-BF4B-00C04F79EFBC}") = "Widerstandsberechnung_stocki", "Widerstandsberechnung_stocki.csproj", "{1B6CC2F1-F36A-42F0-B05C-03F411E2C3B7}"
EndProject
Global
	GlobalSection(SolutionConfigurationPlatforms) = preSolution
		Debug|Any CPU = Debug|Any CPU
		Release|Any CPU = Release|Any CPU
	EndGlobalSection
	GlobalSection(ProjectConfigurationPlatforms) = postSolution
		{1B6CC2F1-F36A-42F0-B05C-03F411E2C3B7}.Debug|Any CPU.ActiveCfg = Debug|Any CPU
		{1B6CC2F1-F36A-42F0-B05C-03F411E2C3B7}.Debug|Any CPU.Build.0 = Debug|Any CPU
		{1B6CC2F1-F36A-42F0-B05C-03F411E2C3B7}.Release|Any CPU.ActiveCfg = Release|Any CPU
		{1B6CC2F1-F36A-42F0-B05C-03F411E2C3B7}.Release|Any CPU.Build.0 = Release|Any CPU
	EndGlobalSection
	GlobalSection(SolutionProperties) = preSolution
		HideSolutionNode = FALSE
	EndGlobalSection
	GlobalSection(ExtensibilityGlobals) = postSolution
		SolutionGuid = {EFDF624C-2AE9-4E56-8CAB-AD9D5B7A7B4B}
	EndGlobalSection
EndGlobal
